
Microsoft Visual Studio Solution File, Format Version 12.00
# Visual Studio Version 16
VisualStudioVersion = 25.0.1704.4
MinimumVisualStudioVersion = 10.0.40219.1
Project("{FAE04EC0-301F-11D3-BF4B-00C04F79EFBC}") = "PropertyBase", "PropertyBase.csproj", "{702580C6-4584-4318-B344-1F8DBDBD4489}"
EndProject
Global
	GlobalSection(SolutionConfigurationPlatforms) = preSolution
		Debug|Any CPU = Debug|Any CPU
		Release|Any CPU = Release|Any CPU
	EndGlobalSection
	GlobalSection(ProjectConfigurationPlatforms) = postSolution
		{702580C6-4584-4318-B344-1F8DBDBD4489}.Debug|Any CPU.ActiveCfg = Debug|Any CPU
		{702580C6-4584-4318-B344-1F8DBDBD4489}.Debug|Any CPU.Build.0 = Debug|Any CPU
		{702580C6-4584-4318-B344-1F8DBDBD4489}.Release|Any CPU.ActiveCfg = Release|Any CPU
		{702580C6-4584-4318-B344-1F8DBDBD4489}.Release|Any CPU.Build.0 = Release|Any CPU
	EndGlobalSection
	GlobalSection(SolutionProperties) = preSolution
		HideSolutionNode = FALSE
	EndGlobalSection
	GlobalSection(ExtensibilityGlobals) = postSolution
		SolutionGuid = {3F34322C-D834-45C4-9AFF-5F85E3BBB570}
	EndGlobalSection
EndGlobal
